<?xml version="1.0" encoding="UTF-8"?>
<CodeBlocks_project_file>
	<FileVersion major="1" minor="6"/>
	<Project>
		<Option title="Project"/>
		<Option makefile_is_custom="1"/>
		<Option compiler="gcc"/>
		<Option virtualFolders="CMake Files\;"/>
		<Build>
			<Target title="all">
				<Option working_dir="/home/francisco/itba/2c2018/protos/pc-2018b-07/client/src"/>
				<Option type="4"/>
				<MakeCommands>
					<Build command="/usr/bin/make -f &quot;/home/francisco/itba/2c2018/protos/pc-2018b-07/client/src/Makefile&quot;  VERBOSE=1 all"/>
					<CompileFile command="/usr/bin/make -f &quot;/home/francisco/itba/2c2018/protos/pc-2018b-07/client/src/Makefile&quot;  VERBOSE=1 &quot;$file&quot;"/>
					<Clean command="/usr/bin/make -f &quot;/home/francisco/itba/2c2018/protos/pc-2018b-07/client/src/Makefile&quot;  VERBOSE=1 clean"/>
					<DistClean command="/usr/bin/make -f &quot;/home/francisco/itba/2c2018/protos/pc-2018b-07/client/src/Makefile&quot;  VERBOSE=1 clean"/>
				</MakeCommands>
			</Target>
			<Target title="rebuild_cache">
				<Option working_dir="/home/francisco/itba/2c2018/protos/pc-2018b-07/client/src"/>
				<Option type="4"/>
				<MakeCommands>
					<Build command="/usr/bin/make -f &quot;/home/francisco/itba/2c2018/protos/pc-2018b-07/client/src/Makefile&quot;  VERBOSE=1 rebuild_cache"/>
					<CompileFile command="/usr/bin/make -f &quot;/home/francisco/itba/2c2018/protos/pc-2018b-07/client/src/Makefile&quot;  VERBOSE=1 &quot;$file&quot;"/>
					<Clean command="/usr/bin/make -f &quot;/home/francisco/itba/2c2018/protos/pc-2018b-07/client/src/Makefile&quot;  VERBOSE=1 clean"/>
					<DistClean command="/usr/bin/make -f &quot;/home/francisco/itba/2c2018/protos/pc-2018b-07/client/src/Makefile&quot;  VERBOSE=1 clean"/>
				</MakeCommands>
			</Target>
			<Target title="edit_cache">
				<Option working_dir="/home/francisco/itba/2c2018/protos/pc-2018b-07/client/src"/>
				<Option type="4"/>
				<MakeCommands>
					<Build command="/usr/bin/make -f &quot;/home/francisco/itba/2c2018/protos/pc-2018b-07/client/src/Makefile&quot;  VERBOSE=1 edit_cache"/>
					<CompileFile command="/usr/bin/make -f &quot;/home/francisco/itba/2c2018/protos/pc-2018b-07/client/src/Makefile&quot;  VERBOSE=1 &quot;$file&quot;"/>
					<Clean command="/usr/bin/make -f &quot;/home/francisco/itba/2c2018/protos/pc-2018b-07/client/src/Makefile&quot;  VERBOSE=1 clean"/>
					<DistClean command="/usr/bin/make -f &quot;/home/francisco/itba/2c2018/protos/pc-2018b-07/client/src/Makefile&quot;  VERBOSE=1 clean"/>
				</MakeCommands>
			</Target>
			<Target title="spcpClient">
				<Option output="/home/francisco/itba/2c2018/protos/pc-2018b-07/client/src/spcpClient" prefix_auto="0" extension_auto="0"/>
				<Option working_dir="/home/francisco/itba/2c2018/protos/pc-2018b-07/client/src"/>
				<Option object_output="./"/>
				<Option type="1"/>
				<Option compiler="gcc"/>
				<Compiler/>
				<MakeCommands>
					<Build command="/usr/bin/make -f &quot;/home/francisco/itba/2c2018/protos/pc-2018b-07/client/src/Makefile&quot;  VERBOSE=1 spcpClient"/>
					<CompileFile command="/usr/bin/make -f &quot;/home/francisco/itba/2c2018/protos/pc-2018b-07/client/src/Makefile&quot;  VERBOSE=1 &quot;$file&quot;"/>
					<Clean command="/usr/bin/make -f &quot;/home/francisco/itba/2c2018/protos/pc-2018b-07/client/src/Makefile&quot;  VERBOSE=1 clean"/>
					<DistClean command="/usr/bin/make -f &quot;/home/francisco/itba/2c2018/protos/pc-2018b-07/client/src/Makefile&quot;  VERBOSE=1 clean"/>
				</MakeCommands>
			</Target>
			<Target title="spcpClient/fast">
				<Option output="/home/francisco/itba/2c2018/protos/pc-2018b-07/client/src/spcpClient" prefix_auto="0" extension_auto="0"/>
				<Option working_dir="/home/francisco/itba/2c2018/protos/pc-2018b-07/client/src"/>
				<Option object_output="./"/>
				<Option type="1"/>
				<Option compiler="gcc"/>
				<Compiler/>
				<MakeCommands>
					<Build command="/usr/bin/make -f &quot;/home/francisco/itba/2c2018/protos/pc-2018b-07/client/src/Makefile&quot;  VERBOSE=1 spcpClient/fast"/>
					<CompileFile command="/usr/bin/make -f &quot;/home/francisco/itba/2c2018/protos/pc-2018b-07/client/src/Makefile&quot;  VERBOSE=1 &quot;$file&quot;"/>
					<Clean command="/usr/bin/make -f &quot;/home/francisco/itba/2c2018/protos/pc-2018b-07/client/src/Makefile&quot;  VERBOSE=1 clean"/>
					<DistClean command="/usr/bin/make -f &quot;/home/francisco/itba/2c2018/protos/pc-2018b-07/client/src/Makefile&quot;  VERBOSE=1 clean"/>
				</MakeCommands>
			</Target>
		</Build>
		<Unit filename="/home/francisco/itba/2c2018/protos/pc-2018b-07/client/src/client.c">
			<Option target="spcpClient"/>
		</Unit>
		<Unit filename="/home/francisco/itba/2c2018/protos/pc-2018b-07/client/src/common.h">
			<Option target="spcpClient"/>
		</Unit>
		<Unit filename="/home/francisco/itba/2c2018/protos/pc-2018b-07/client/src/handler.c">
			<Option target="spcpClient"/>
		</Unit>
		<Unit filename="/home/francisco/itba/2c2018/protos/pc-2018b-07/client/src/handler.h">
			<Option target="spcpClient"/>
		</Unit>
		<Unit filename="/home/francisco/itba/2c2018/protos/pc-2018b-07/client/src/CMakeLists.txt">
			<Option virtualFolder="CMake Files\"/>
		</Unit>
	</Project>
</CodeBlocks_project_file>
